
Microsoft Visual Studio Solution File, Format Version 12.00
# Visual Studio 15
VisualStudioVersion = 15.0.27428.2005
MinimumVisualStudioVersion = 10.0.40219.1
Project("{FAE04EC0-301F-11D3-BF4B-00C04F79EFBC}") = "Character Stats", "Character Stats\Character Stats.csproj", "{00D74501-F961-4A79-BDCD-C9AF2108423F}"
EndProject
Global
	GlobalSection(SolutionConfigurationPlatforms) = preSolution
		Debug|Any CPU = Debug|Any CPU
		Release|Any CPU = Release|Any CPU
	EndGlobalSection
	GlobalSection(ProjectConfigurationPlatforms) = postSolution
		{00D74501-F961-4A79-BDCD-C9AF2108423F}.Debug|Any CPU.ActiveCfg = Debug|Any CPU
		{00D74501-F961-4A79-BDCD-C9AF2108423F}.Debug|Any CPU.Build.0 = Debug|Any CPU
		{00D74501-F961-4A79-BDCD-C9AF2108423F}.Release|Any CPU.ActiveCfg = Release|Any CPU
		{00D74501-F961-4A79-BDCD-C9AF2108423F}.Release|Any CPU.Build.0 = Release|Any CPU
	EndGlobalSection
	GlobalSection(SolutionProperties) = preSolution
		HideSolutionNode = FALSE
	EndGlobalSection
	GlobalSection(ExtensibilityGlobals) = postSolution
		SolutionGuid = {A2137440-0BFC-47B3-99C8-0B913AD97146}
	EndGlobalSection
EndGlobal
