
Microsoft Visual Studio Solution File, Format Version 12.00
# Visual Studio 15
VisualStudioVersion = 15.0.27130.2024
MinimumVisualStudioVersion = 10.0.40219.1
Project("{9A19103F-16F7-4668-BE54-9A1E7A4F7556}") = "DebitCardNumber", "DebitCardNumber.csproj", "{40F47C83-C904-461F-9FE0-A8027E7244A6}"
EndProject
Global
	GlobalSection(SolutionConfigurationPlatforms) = preSolution
		Debug|Any CPU = Debug|Any CPU
		Release|Any CPU = Release|Any CPU
	EndGlobalSection
	GlobalSection(ProjectConfigurationPlatforms) = postSolution
		{40F47C83-C904-461F-9FE0-A8027E7244A6}.Debug|Any CPU.ActiveCfg = Debug|Any CPU
		{40F47C83-C904-461F-9FE0-A8027E7244A6}.Debug|Any CPU.Build.0 = Debug|Any CPU
		{40F47C83-C904-461F-9FE0-A8027E7244A6}.Release|Any CPU.ActiveCfg = Release|Any CPU
		{40F47C83-C904-461F-9FE0-A8027E7244A6}.Release|Any CPU.Build.0 = Release|Any CPU
	EndGlobalSection
	GlobalSection(SolutionProperties) = preSolution
		HideSolutionNode = FALSE
	EndGlobalSection
	GlobalSection(ExtensibilityGlobals) = postSolution
		SolutionGuid = {A17F3C80-ECF2-4066-9B46-2E42458EA4F1}
	EndGlobalSection
EndGlobal
